
Microsoft Visual Studio Solution File, Format Version 12.00
# Visual Studio Version 17
VisualStudioVersion = 17.11.35312.102
MinimumVisualStudioVersion = 10.0.40219.1
Project("{FAE04EC0-301F-11D3-BF4B-00C04F79EFBC}") = "SmartRealEstateManagementSystem", "SmartRealEstateManagementSystem\SmartRealEstateManagementSystem.csproj", "{0C213F02-E7A3-4B35-AA02-5F0B0F439FF5}"
EndProject
Project("{2150E333-8FDC-42A3-9474-1A3956D46DE8}") = "src", "src", "{FD5D6816-8463-493C-9467-04CFAA15BF83}"
EndProject
Project("{2150E333-8FDC-42A3-9474-1A3956D46DE8}") = "tests", "tests", "{DF4CEFD1-0859-47B9-90C8-B3A932D9BCF5}"
EndProject
Project("{2150E333-8FDC-42A3-9474-1A3956D46DE8}") = "UnitTests", "UnitTests", "{B3B9C93A-EB48-4504-925F-27B393C8F9AB}"
EndProject
Project("{2150E333-8FDC-42A3-9474-1A3956D46DE8}") = "IntegrationTests", "IntegrationTests", "{45D8915D-C610-44E8-932C-DBD02012BAB5}"
EndProject
Project("{2150E333-8FDC-42A3-9474-1A3956D46DE8}") = "WebAPI", "WebAPI", "{B5046543-FB7A-4ABE-9729-15B6C04B54C1}"
EndProject
Project("{2150E333-8FDC-42A3-9474-1A3956D46DE8}") = "Application", "Application", "{DFEFC6B8-D4E0-4C9F-8BB6-027FAC7D3857}"
EndProject
Project("{2150E333-8FDC-42A3-9474-1A3956D46DE8}") = "Infrastructure", "Infrastructure", "{8AB3A9CB-BEA9-4AC7-9C77-2FC3D053E75A}"
EndProject
Project("{2150E333-8FDC-42A3-9474-1A3956D46DE8}") = "Domain", "Domain", "{F343EC36-5CF8-4782-B614-E4A0E76B009F}"
EndProject
Project("{FAE04EC0-301F-11D3-BF4B-00C04F79EFBC}") = "Application", "Application\Application.csproj", "{B244B340-F5B5-4097-B5E4-93BC1FAB0E2B}"
EndProject
Project("{FAE04EC0-301F-11D3-BF4B-00C04F79EFBC}") = "Domain", "Domain\Domain.csproj", "{D2E00C29-D141-4ADA-AE0B-18247CFED561}"
EndProject
Project("{FAE04EC0-301F-11D3-BF4B-00C04F79EFBC}") = "Infrastructure", "Infrastructure\Infrastructure.csproj", "{F5B71CDB-72E8-4CD3-85BE-DAD59961E9FB}"
EndProject
Project("{FAE04EC0-301F-11D3-BF4B-00C04F79EFBC}") = "SmartRealEstateManagementSystem.Application.UnitTests", "SmartRealEstateManagementSystem.Application.UnitTests\SmartRealEstateManagementSystem.Application.UnitTests.csproj", "{7D5E2CF4-DFC5-4DCE-8FD6-1595AAACDA02}"
EndProject
Project("{FAE04EC0-301F-11D3-BF4B-00C04F79EFBC}") = "SmartRealEstateManagementSystem.IntegrationTests", "SmartRealEstateManagementSystem.IntegrationTests\SmartRealEstateManagementSystem.IntegrationTests.csproj", "{9DF35726-B32F-462A-B0A0-6069B702875E}"
EndProject
Project("{FAE04EC0-301F-11D3-BF4B-00C04F79EFBC}") = "Identity", "Identity\Identity.csproj", "{5534FD6F-5AFB-4FBD-B02D-26DD772B8991}"
EndProject
Global
	GlobalSection(SolutionConfigurationPlatforms) = preSolution
		Debug|Any CPU = Debug|Any CPU
		Release|Any CPU = Release|Any CPU
	EndGlobalSection
	GlobalSection(ProjectConfigurationPlatforms) = postSolution
		{0C213F02-E7A3-4B35-AA02-5F0B0F439FF5}.Debug|Any CPU.ActiveCfg = Debug|Any CPU
		{0C213F02-E7A3-4B35-AA02-5F0B0F439FF5}.Debug|Any CPU.Build.0 = Debug|Any CPU
		{0C213F02-E7A3-4B35-AA02-5F0B0F439FF5}.Release|Any CPU.ActiveCfg = Release|Any CPU
		{0C213F02-E7A3-4B35-AA02-5F0B0F439FF5}.Release|Any CPU.Build.0 = Release|Any CPU
		{B244B340-F5B5-4097-B5E4-93BC1FAB0E2B}.Debug|Any CPU.ActiveCfg = Debug|Any CPU
		{B244B340-F5B5-4097-B5E4-93BC1FAB0E2B}.Debug|Any CPU.Build.0 = Debug|Any CPU
		{B244B340-F5B5-4097-B5E4-93BC1FAB0E2B}.Release|Any CPU.ActiveCfg = Release|Any CPU
		{B244B340-F5B5-4097-B5E4-93BC1FAB0E2B}.Release|Any CPU.Build.0 = Release|Any CPU
		{D2E00C29-D141-4ADA-AE0B-18247CFED561}.Debug|Any CPU.ActiveCfg = Debug|Any CPU
		{D2E00C29-D141-4ADA-AE0B-18247CFED561}.Debug|Any CPU.Build.0 = Debug|Any CPU
		{D2E00C29-D141-4ADA-AE0B-18247CFED561}.Release|Any CPU.ActiveCfg = Release|Any CPU
		{D2E00C29-D141-4ADA-AE0B-18247CFED561}.Release|Any CPU.Build.0 = Release|Any CPU
		{F5B71CDB-72E8-4CD3-85BE-DAD59961E9FB}.Debug|Any CPU.ActiveCfg = Debug|Any CPU
		{F5B71CDB-72E8-4CD3-85BE-DAD59961E9FB}.Debug|Any CPU.Build.0 = Debug|Any CPU
		{F5B71CDB-72E8-4CD3-85BE-DAD59961E9FB}.Release|Any CPU.ActiveCfg = Release|Any CPU
		{F5B71CDB-72E8-4CD3-85BE-DAD59961E9FB}.Release|Any CPU.Build.0 = Release|Any CPU
		{7D5E2CF4-DFC5-4DCE-8FD6-1595AAACDA02}.Debug|Any CPU.ActiveCfg = Debug|Any CPU
		{7D5E2CF4-DFC5-4DCE-8FD6-1595AAACDA02}.Debug|Any CPU.Build.0 = Debug|Any CPU
		{7D5E2CF4-DFC5-4DCE-8FD6-1595AAACDA02}.Release|Any CPU.ActiveCfg = Release|Any CPU
		{7D5E2CF4-DFC5-4DCE-8FD6-1595AAACDA02}.Release|Any CPU.Build.0 = Release|Any CPU
		{9DF35726-B32F-462A-B0A0-6069B702875E}.Debug|Any CPU.ActiveCfg = Debug|Any CPU
		{9DF35726-B32F-462A-B0A0-6069B702875E}.Debug|Any CPU.Build.0 = Debug|Any CPU
		{9DF35726-B32F-462A-B0A0-6069B702875E}.Release|Any CPU.ActiveCfg = Release|Any CPU
		{9DF35726-B32F-462A-B0A0-6069B702875E}.Release|Any CPU.Build.0 = Release|Any CPU
		{5534FD6F-5AFB-4FBD-B02D-26DD772B8991}.Debug|Any CPU.ActiveCfg = Debug|Any CPU
		{5534FD6F-5AFB-4FBD-B02D-26DD772B8991}.Debug|Any CPU.Build.0 = Debug|Any CPU
		{5534FD6F-5AFB-4FBD-B02D-26DD772B8991}.Release|Any CPU.ActiveCfg = Release|Any CPU
		{5534FD6F-5AFB-4FBD-B02D-26DD772B8991}.Release|Any CPU.Build.0 = Release|Any CPU
	EndGlobalSection
	GlobalSection(SolutionProperties) = preSolution
		HideSolutionNode = FALSE
	EndGlobalSection
	GlobalSection(NestedProjects) = preSolution
		{0C213F02-E7A3-4B35-AA02-5F0B0F439FF5} = {B5046543-FB7A-4ABE-9729-15B6C04B54C1}
		{B3B9C93A-EB48-4504-925F-27B393C8F9AB} = {DF4CEFD1-0859-47B9-90C8-B3A932D9BCF5}
		{45D8915D-C610-44E8-932C-DBD02012BAB5} = {DF4CEFD1-0859-47B9-90C8-B3A932D9BCF5}
		{B5046543-FB7A-4ABE-9729-15B6C04B54C1} = {FD5D6816-8463-493C-9467-04CFAA15BF83}
		{DFEFC6B8-D4E0-4C9F-8BB6-027FAC7D3857} = {FD5D6816-8463-493C-9467-04CFAA15BF83}
		{8AB3A9CB-BEA9-4AC7-9C77-2FC3D053E75A} = {FD5D6816-8463-493C-9467-04CFAA15BF83}
		{F343EC36-5CF8-4782-B614-E4A0E76B009F} = {FD5D6816-8463-493C-9467-04CFAA15BF83}
		{B244B340-F5B5-4097-B5E4-93BC1FAB0E2B} = {DFEFC6B8-D4E0-4C9F-8BB6-027FAC7D3857}
		{D2E00C29-D141-4ADA-AE0B-18247CFED561} = {F343EC36-5CF8-4782-B614-E4A0E76B009F}
		{F5B71CDB-72E8-4CD3-85BE-DAD59961E9FB} = {8AB3A9CB-BEA9-4AC7-9C77-2FC3D053E75A}
		{7D5E2CF4-DFC5-4DCE-8FD6-1595AAACDA02} = {B3B9C93A-EB48-4504-925F-27B393C8F9AB}
		{9DF35726-B32F-462A-B0A0-6069B702875E} = {45D8915D-C610-44E8-932C-DBD02012BAB5}
		{5534FD6F-5AFB-4FBD-B02D-26DD772B8991} = {8AB3A9CB-BEA9-4AC7-9C77-2FC3D053E75A}
	EndGlobalSection
	GlobalSection(ExtensibilityGlobals) = postSolution
		SolutionGuid = {D9B92D93-7998-49C8-BA7E-B3853D764ED9}
	EndGlobalSection
EndGlobal
